// !$*UTF8*$!
{
	archiveVersion = 1;
	classes = {
	};
	objectVersion = 56;
	objects = {

/* Begin PBXBuildFile section */
		46B290D52B2A056700D9094B /* AppDelegate.m in Sources */ = {isa = PBXBuildFile; fileRef = 46B290D42B2A056700D9094B /* AppDelegate.m */; };
		46B290D82B2A056700D9094B /* SceneDelegate.m in Sources */ = {isa = PBXBuildFile; fileRef = 46B290D72B2A056700D9094B /* SceneDelegate.m */; };
		46B290DB2B2A056700D9094B /* ViewController.m in Sources */ = {isa = PBXBuildFile; fileRef = 46B290DA2B2A056700D9094B /* ViewController.m */; };
		46B290DE2B2A056700D9094B /* Main.storyboard in Resources */ = {isa = PBXBuildFile; fileRef = 46B290DC2B2A056700D9094B /* Main.storyboard */; };
		46B290E02B2A056800D9094B /* Assets.xcassets in Resources */ = {isa = PBXBuildFile; fileRef = 46B290DF2B2A056800D9094B /* Assets.xcassets */; };
		46B290E32B2A056800D9094B /* LaunchScreen.storyboard in Resources */ = {isa = PBXBuildFile; fileRef = 46B290E12B2A056800D9094B /* LaunchScreen.storyboard */; };
		46B290E62B2A056800D9094B /* main.m in Sources */ = {isa = PBXBuildFile; fileRef = 46B290E52B2A056800D9094B /* main.m */; };
		6BC336C47831A918E419BF95 /* Pods_crashlytics_bug.framework in Frameworks */ = {isa = PBXBuildFile; fileRef = 906BC7984FDB759D4CF1CF70 /* Pods_crashlytics_bug.framework */; };
/* End PBXBuildFile section */

/* Begin PBXFileReference section */
		46B290D02B2A056700D9094B /* crashlytics.bug.app */ = {isa = PBXFileReference; explicitFileType = wrapper.application; includeInIndex = 0; path = crashlytics.bug.app; sourceTree = BUILT_PRODUCTS_DIR; };
		46B290D32B2A056700D9094B /* AppDelegate.h */ = {isa = PBXFileReference; lastKnownFileType = sourcecode.c.h; path = AppDelegate.h; sourceTree = "<group>"; };
		46B290D42B2A056700D9094B /* AppDelegate.m */ = {isa = PBXFileReference; lastKnownFileType = sourcecode.c.objc; path = AppDelegate.m; sourceTree = "<group>"; };
		46B290D62B2A056700D9094B /* SceneDelegate.h */ = {isa = PBXFileReference; lastKnownFileType = sourcecode.c.h; path = SceneDelegate.h; sourceTree = "<group>"; };
		46B290D72B2A056700D9094B /* SceneDelegate.m */ = {isa = PBXFileReference; lastKnownFileType = sourcecode.c.objc; path = SceneDelegate.m; sourceTree = "<group>"; };
		46B290D92B2A056700D9094B /* ViewController.h */ = {isa = PBXFileReference; lastKnownFileType = sourcecode.c.h; path = ViewController.h; sourceTree = "<group>"; };
		46B290DA2B2A056700D9094B /* ViewController.m */ = {isa = PBXFileReference; lastKnownFileType = sourcecode.c.objc; path = ViewController.m; sourceTree = "<group>"; };
		46B290DD2B2A056700D9094B /* Base */ = {isa = PBXFileReference; lastKnownFileType = file.storyboard; name = Base; path = Base.lproj/Main.storyboard; sourceTree = "<group>"; };
		46B290DF2B2A056800D9094B /* Assets.xcassets */ = {isa = PBXFileReference; lastKnownFileType = folder.assetcatalog; path = Assets.xcassets; sourceTree = "<group>"; };
		46B290E22B2A056800D9094B /* Base */ = {isa = PBXFileReference; lastKnownFileType = file.storyboard; name = Base; path = Base.lproj/LaunchScreen.storyboard; sourceTree = "<group>"; };
		46B290E42B2A056800D9094B /* Info.plist */ = {isa = PBXFileReference; lastKnownFileType = text.plist.xml; path = Info.plist; sourceTree = "<group>"; };
		46B290E52B2A056800D9094B /* main.m */ = {isa = PBXFileReference; lastKnownFileType = sourcecode.c.objc; path = main.m; sourceTree = "<group>"; };
		7D9E452723702352255DEEFE /* Pods-crashlytics.bug.debug.xcconfig */ = {isa = PBXFileReference; includeInIndex = 1; lastKnownFileType = text.xcconfig; name = "Pods-crashlytics.bug.debug.xcconfig"; path = "Target Support Files/Pods-crashlytics.bug/Pods-crashlytics.bug.debug.xcconfig"; sourceTree = "<group>"; };
		906BC7984FDB759D4CF1CF70 /* Pods_crashlytics_bug.framework */ = {isa = PBXFileReference; explicitFileType = wrapper.framework; includeInIndex = 0; path = Pods_crashlytics_bug.framework; sourceTree = BUILT_PRODUCTS_DIR; };
		A1E34D20DEE70EB64EC0E2CD /* Pods-crashlytics.bug.release.xcconfig */ = {isa = PBXFileReference; includeInIndex = 1; lastKnownFileType = text.xcconfig; name = "Pods-crashlytics.bug.release.xcconfig"; path = "Target Support Files/Pods-crashlytics.bug/Pods-crashlytics.bug.release.xcconfig"; sourceTree = "<group>"; };
/* End PBXFileReference section */

/* Begin PBXFrameworksBuildPhase section */
		46B290CD2B2A056700D9094B /* Frameworks */ = {
			isa = PBXFrameworksBuildPhase;
			buildActionMask = 2147483647;
			files = (
				6BC336C47831A918E419BF95 /* Pods_crashlytics_bug.framework in Frameworks */,
			);
			runOnlyForDeploymentPostprocessing = 0;
		};
/* End PBXFrameworksBuildPhase section */

/* Begin PBXGroup section */
		01DAE8A7845E359D685E1AE3 /* Frameworks */ = {
			isa = PBXGroup;
			children = (
				906BC7984FDB759D4CF1CF70 /* Pods_crashlytics_bug.framework */,
			);
			name = Frameworks;
			sourceTree = "<group>";
		};
		46B290C72B2A056700D9094B = {
			isa = PBXGroup;
			children = (
				46B290D22B2A056700D9094B /* crashlytics.bug */,
				46B290D12B2A056700D9094B /* Products */,
				D8EF8CF1C208F3BDC0033852 /* Pods */,
				01DAE8A7845E359D685E1AE3 /* Frameworks */,
			);
			sourceTree = "<group>";
		};
		46B290D12B2A056700D9094B /* Products */ = {
			isa = PBXGroup;
			children = (
				46B290D02B2A056700D9094B /* crashlytics.bug.app */,
			);
			name = Products;
			sourceTree = "<group>";
		};
		46B290D22B2A056700D9094B /* crashlytics.bug */ = {
			isa = PBXGroup;
			children = (
				46B290D32B2A056700D9094B /* AppDelegate.h */,
				46B290D42B2A056700D9094B /* AppDelegate.m */,
				46B290D62B2A056700D9094B /* SceneDelegate.h */,
				46B290D72B2A056700D9094B /* SceneDelegate.m */,
				46B290D92B2A056700D9094B /* ViewController.h */,
				46B290DA2B2A056700D9094B /* ViewController.m */,
				46B290DC2B2A056700D9094B /* Main.storyboard */,
				46B290DF2B2A056800D9094B /* Assets.xcassets */,
				46B290E12B2A056800D9094B /* LaunchScreen.storyboard */,
				46B290E42B2A056800D9094B /* Info.plist */,
				46B290E52B2A056800D9094B /* main.m */,
			);
			path = crashlytics.bug;
			sourceTree = "<group>";
		};
		D8EF8CF1C208F3BDC0033852 /* Pods */ = {
			isa = PBXGroup;
			children = (
				7D9E452723702352255DEEFE /* Pods-crashlytics.bug.debug.xcconfig */,
				A1E34D20DEE70EB64EC0E2CD /* Pods-crashlytics.bug.release.xcconfig */,
			);
			name = Pods;
			path = Pods;
			sourceTree = "<group>";
		};
/* End PBXGroup section */

/* Begin PBXNativeTarget section */
		46B290CF2B2A056700D9094B /* crashlytics.bug */ = {
			isa = PBXNativeTarget;
			buildConfigurationList = 46B290E92B2A056800D9094B /* Build configuration list for PBXNativeTarget "crashlytics.bug" */;
			buildPhases = (
				76A720B01CF718FA4BC8DCC7 /* [CP] Check Pods Manifest.lock */,
				46B290CC2B2A056700D9094B /* Sources */,
				46B290CD2B2A056700D9094B /* Frameworks */,
				46B290CE2B2A056700D9094B /* Resources */,
				8319BCCC299C7CE55A462885 /* [CP] Embed Pods Frameworks */,
			);
			buildRules = (
			);
			dependencies = (
			);
			name = crashlytics.bug;
			productName = crashlytics.bug;
			productReference = 46B290D02B2A056700D9094B /* crashlytics.bug.app */;
			productType = "com.apple.product-type.application";
		};
/* End PBXNativeTarget section */

/* Begin PBXProject section */
		46B290C82B2A056700D9094B /* Project object */ = {
			isa = PBXProject;
			attributes = {
				BuildIndependentTargetsInParallel = 1;
				LastUpgradeCheck = 1510;
				TargetAttributes = {
					46B290CF2B2A056700D9094B = {
						CreatedOnToolsVersion = 15.1;
					};
				};
			};
			buildConfigurationList = 46B290CB2B2A056700D9094B /* Build configuration list for PBXProject "crashlytics.bug" */;
			compatibilityVersion = "Xcode 14.0";
			developmentRegion = en;
			hasScannedForEncodings = 0;
			knownRegions = (
				en,
				Base,
			);
			mainGroup = 46B290C72B2A056700D9094B;
			productRefGroup = 46B290D12B2A056700D9094B /* Products */;
			projectDirPath = "";
			projectRoot = "";
			targets = (
				46B290CF2B2A056700D9094B /* crashlytics.bug */,
			);
		};
/* End PBXProject section */

/* Begin PBXResourcesBuildPhase section */
		46B290CE2B2A056700D9094B /* Resources */ = {
			isa = PBXResourcesBuildPhase;
			buildActionMask = 2147483647;
			files = (
				46B290E32B2A056800D9094B /* LaunchScreen.storyboard in Resources */,
				46B290E02B2A056800D9094B /* Assets.xcassets in Resources */,
				46B290DE2B2A056700D9094B /* Main.storyboard in Resources */,
			);
			runOnlyForDeploymentPostprocessing = 0;
		};
/* End PBXResourcesBuildPhase section */

/* Begin PBXShellScriptBuildPhase section */
		76A720B01CF718FA4BC8DCC7 /* [CP] Check Pods Manifest.lock */ = {
			isa = PBXShellScriptBuildPhase;
			buildActionMask = 2147483647;
			files = (
			);
			inputFileListPaths = (
			);
			inputPaths = (
				"${PODS_PODFILE_DIR_PATH}/Podfile.lock",
				"${PODS_ROOT}/Manifest.lock",
			);
			name = "[CP] Check Pods Manifest.lock";
			outputFileListPaths = (
			);
			outputPaths = (
				"$(DERIVED_FILE_DIR)/Pods-crashlytics.bug-checkManifestLockResult.txt",
			);
			runOnlyForDeploymentPostprocessing = 0;
			shellPath = /bin/sh;
			shellScript = "diff \"${PODS_PODFILE_DIR_PATH}/Podfile.lock\" \"${PODS_ROOT}/Manifest.lock\" > /dev/null\nif [ $? != 0 ] ; then\n    # print error to STDERR\n    echo \"error: The sandbox is not in sync with the Podfile.lock. Run 'pod install' or update your CocoaPods installation.\" >&2\n    exit 1\nfi\n# This output is used by Xcode 'outputs' to avoid re-running this script phase.\necho \"SUCCESS\" > \"${SCRIPT_OUTPUT_FILE_0}\"\n";
			showEnvVarsInLog = 0;
		};
		8319BCCC299C7CE55A462885 /* [CP] Embed Pods Frameworks */ = {
			isa = PBXShellScriptBuildPhase;
			buildActionMask = 2147483647;
			files = (
			);
			inputFileListPaths = (
				"${PODS_ROOT}/Target Support Files/Pods-crashlytics.bug/Pods-crashlytics.bug-frameworks-${CONFIGURATION}-input-files.xcfilelist",
			);
			name = "[CP] Embed Pods Frameworks";
			outputFileListPaths = (
				"${PODS_ROOT}/Target Support Files/Pods-crashlytics.bug/Pods-crashlytics.bug-frameworks-${CONFIGURATION}-output-files.xcfilelist",
			);
			runOnlyForDeploymentPostprocessing = 0;
			shellPath = /bin/sh;
			shellScript = "\"${PODS_ROOT}/Target Support Files/Pods-crashlytics.bug/Pods-crashlytics.bug-frameworks.sh\"\n";
			showEnvVarsInLog = 0;
		};
/* End PBXShellScriptBuildPhase section */

/* Begin PBXSourcesBuildPhase section */
		46B290CC2B2A056700D9094B /* Sources */ = {
			isa = PBXSourcesBuildPhase;
			buildActionMask = 2147483647;
			files = (
				46B290DB2B2A056700D9094B /* ViewController.m in Sources */,
				46B290D52B2A056700D9094B /* AppDelegate.m in Sources */,
				46B290E62B2A056800D9094B /* main.m in Sources */,
				46B290D82B2A056700D9094B /* SceneDelegate.m in Sources */,
			);
			runOnlyForDeploymentPostprocessing = 0;
		};
/* End PBXSourcesBuildPhase section */

/* Begin PBXVariantGroup section */
		46B290DC2B2A056700D9094B /* Main.storyboard */ = {
			isa = PBXVariantGroup;
			children = (
				46B290DD2B2A056700D9094B /* Base */,
			);
			name = Main.storyboard;
			sourceTree = "<group>";
		};
		46B290E12B2A056800D9094B /* LaunchScreen.storyboard */ = {
			isa = PBXVariantGroup;
			children = (
				46B290E22B2A056800D9094B /* Base */,
			);
			name = LaunchScreen.storyboard;
			sourceTree = "<group>";
		};
/* End PBXVariantGroup section */

/* Begin XCBuildConfiguration section */
		46B290E72B2A056800D9094B /* Debug */ = {
			isa = XCBuildConfiguration;
			buildSettings = {
				ALWAYS_SEARCH_USER_PATHS = NO;
				ASSETCATALOG_COMPILER_GENERATE_SWIFT_ASSET_SYMBOL_EXTENSIONS = YES;
				CLANG_ANALYZER_NONNULL = YES;
				CLANG_ANALYZER_NUMBER_OBJECT_CONVERSION = YES_AGGRESSIVE;
				CLANG_CXX_LANGUAGE_STANDARD = "gnu++20";
				CLANG_ENABLE_MODULES = YES;
				CLANG_ENABLE_OBJC_ARC = YES;
				CLANG_ENABLE_OBJC_WEAK = YES;
				CLANG_WARN_BLOCK_CAPTURE_AUTORELEASING = YES;
				CLANG_WARN_BOOL_CONVERSION = YES;
				CLANG_WARN_COMMA = YES;
				CLANG_WARN_CONSTANT_CONVERSION = YES;
				CLANG_WARN_DEPRECATED_OBJC_IMPLEMENTATIONS = YES;
				CLANG_WARN_DIRECT_OBJC_ISA_USAGE = YES_ERROR;
				CLANG_WARN_DOCUMENTATION_COMMENTS = YES;
				CLANG_WARN_EMPTY_BODY = YES;
				CLANG_WARN_ENUM_CONVERSION = YES;
				CLANG_WARN_INFINITE_RECURSION = YES;
				CLANG_WARN_INT_CONVERSION = YES;
				CLANG_WARN_NON_LITERAL_NULL_CONVERSION = YES;
				CLANG_WARN_OBJC_IMPLICIT_RETAIN_SELF = YES;
				CLANG_WARN_OBJC_LITERAL_CONVERSION = YES;
				CLANG_WARN_OBJC_ROOT_CLASS = YES_ERROR;
				CLANG_WARN_QUOTED_INCLUDE_IN_FRAMEWORK_HEADER = YES;
				CLANG_WARN_RANGE_LOOP_ANALYSIS = YES;
				CLANG_WARN_STRICT_PROTOTYPES = YES;
				CLANG_WARN_SUSPICIOUS_MOVE = YES;
				CLANG_WARN_UNGUARDED_AVAILABILITY = YES_AGGRESSIVE;
				CLANG_WARN_UNREACHABLE_CODE = YES;
				CLANG_WARN__DUPLICATE_METHOD_MATCH = YES;
				COPY_PHASE_STRIP = NO;
				DEBUG_INFORMATION_FORMAT = dwarf;
				ENABLE_STRICT_OBJC_MSGSEND = YES;
				ENABLE_TESTABILITY = YES;
				ENABLE_USER_SCRIPT_SANDBOXING = YES;
				GCC_C_LANGUAGE_STANDARD = gnu17;
				GCC_DYNAMIC_NO_PIC = NO;
				GCC_NO_COMMON_BLOCKS = YES;
				GCC_OPTIMIZATION_LEVEL = 0;
				GCC_PREPROCESSOR_DEFINITIONS = (
					"DEBUG=1",
					"$(inherited)",
				);
				GCC_WARN_64_TO_32_BIT_CONVERSION = YES;
				GCC_WARN_ABOUT_RETURN_TYPE = YES_ERROR;
				GCC_WARN_UNDECLARED_SELECTOR = YES;
				GCC_WARN_UNINITIALIZED_AUTOS = YES_AGGRESSIVE;
				GCC_WARN_UNUSED_FUNCTION = YES;
				GCC_WARN_UNUSED_VARIABLE = YES;
				IPHONEOS_DEPLOYMENT_TARGET = 17.2;
				LOCALIZATION_PREFERS_STRING_CATALOGS = YES;
				MTL_ENABLE_DEBUG_INFO = INCLUDE_SOURCE;
				MTL_FAST_MATH = YES;
				ONLY_ACTIVE_ARCH = YES;
				SDKROOT = iphoneos;
			};
			name = Debug;
		};
		46B290E82B2A056800D9094B /* Release */ = {
			isa = XCBuildConfiguration;
			buildSettings = {
				ALWAYS_SEARCH_USER_PATHS = NO;
				ASSETCATALOG_COMPILER_GENERATE_SWIFT_ASSET_SYMBOL_EXTENSIONS = YES;
				CLANG_ANALYZER_NONNULL = YES;
				CLANG_ANALYZER_NUMBER_OBJECT_CONVERSION = YES_AGGRESSIVE;
				CLANG_CXX_LANGUAGE_STANDARD = "gnu++20";
				CLANG_ENABLE_MODULES = YES;
				CLANG_ENABLE_OBJC_ARC = YES;
				CLANG_ENABLE_OBJC_WEAK = YES;
				CLANG_WARN_BLOCK_CAPTURE_AUTORELEASING = YES;
				CLANG_WARN_BOOL_CONVERSION = YES;
				CLANG_WARN_COMMA = YES;
				CLANG_WARN_CONSTANT_CONVERSION = YES;
				CLANG_WARN_DEPRECATED_OBJC_IMPLEMENTATIONS = YES;
				CLANG_WARN_DIRECT_OBJC_ISA_USAGE = YES_ERROR;
				CLANG_WARN_DOCUMENTATION_COMMENTS = YES;
				CLANG_WARN_EMPTY_BODY = YES;
				CLANG_WARN_ENUM_CONVERSION = YES;
				CLANG_WARN_INFINITE_RECURSION = YES;
				CLANG_WARN_INT_CONVERSION = YES;
				CLANG_WARN_NON_LITERAL_NULL_CONVERSION = YES;
				CLANG_WARN_OBJC_IMPLICIT_RETAIN_SELF = YES;
				CLANG_WARN_OBJC_LITERAL_CONVERSION = YES;
				CLANG_WARN_OBJC_ROOT_CLASS = YES_ERROR;
				CLANG_WARN_QUOTED_INCLUDE_IN_FRAMEWORK_HEADER = YES;
				CLANG_WARN_RANGE_LOOP_ANALYSIS = YES;
				CLANG_WARN_STRICT_PROTOTYPES = YES;
				CLANG_WARN_SUSPICIOUS_MOVE = YES;
				CLANG_WARN_UNGUARDED_AVAILABILITY = YES_AGGRESSIVE;
				CLANG_WARN_UNREACHABLE_CODE = YES;
				CLANG_WARN__DUPLICATE_METHOD_MATCH = YES;
				COPY_PHASE_STRIP = NO;
				DEBUG_INFORMATION_FORMAT = "dwarf-with-dsym";
				ENABLE_NS_ASSERTIONS = NO;
				ENABLE_STRICT_OBJC_MSGSEND = YES;
				ENABLE_USER_SCRIPT_SANDBOXING = YES;
				GCC_C_LANGUAGE_STANDARD = gnu17;
				GCC_NO_COMMON_BLOCKS = YES;
				GCC_WARN_64_TO_32_BIT_CONVERSION = YES;
				GCC_WARN_ABOUT_RETURN_TYPE = YES_ERROR;
				GCC_WARN_UNDECLARED_SELECTOR = YES;
				GCC_WARN_UNINITIALIZED_AUTOS = YES_AGGRESSIVE;
				GCC_WARN_UNUSED_FUNCTION = YES;
				GCC_WARN_UNUSED_VARIABLE = YES;
				IPHONEOS_DEPLOYMENT_TARGET = 17.2;
				LOCALIZATION_PREFERS_STRING_CATALOGS = YES;
				MTL_ENABLE_DEBUG_INFO = NO;
				MTL_FAST_MATH = YES;
				SDKROOT = iphoneos;
				VALIDATE_PRODUCT = YES;
			};
			name = Release;
		};
		46B290EA2B2A056800D9094B /* Debug */ = {
			isa = XCBuildConfiguration;
			baseConfigurationReference = 7D9E452723702352255DEEFE /* Pods-crashlytics.bug.debug.xcconfig */;
			buildSettings = {
				ASSETCATALOG_COMPILER_APPICON_NAME = AppIcon;
				ASSETCATALOG_COMPILER_GLOBAL_ACCENT_COLOR_NAME = AccentColor;
				CODE_SIGN_STYLE = Automatic;
				CURRENT_PROJECT_VERSION = 1;
				DEVELOPMENT_TEAM = YYX2P3XVJ7;
				GENERATE_INFOPLIST_FILE = YES;
				INFOPLIST_FILE = crashlytics.bug/Info.plist;
				INFOPLIST_KEY_UIApplicationSupportsIndirectInputEvents = YES;
				INFOPLIST_KEY_UILaunchStoryboardName = LaunchScreen;
				INFOPLIST_KEY_UIMainStoryboardFile = Main;
				INFOPLIST_KEY_UISupportedInterfaceOrientations_iPad = "UIInterfaceOrientationPortrait UIInterfaceOrientationPortraitUpsideDown UIInterfaceOrientationLandscapeLeft UIInterfaceOrientationLandscapeRight";
				INFOPLIST_KEY_UISupportedInterfaceOrientations_iPhone = "UIInterfaceOrientationPortrait UIInterfaceOrientationLandscapeLeft UIInterfaceOrientationLandscapeRight";
				LD_RUNPATH_SEARCH_PATHS = (
					"$(inherited)",
					"@executable_path/Frameworks",
				);
				MARKETING_VERSION = 1.0;
				PRODUCT_BUNDLE_IDENTIFIER = "io.invertase.testing.crashlytics-bug";
				PRODUCT_NAME = "$(TARGET_NAME)";
				SWIFT_EMIT_LOC_STRINGS = YES;
				TARGETED_DEVICE_FAMILY = "1,2";
			};
			name = Debug;
		};
		46B290EB2B2A056800D9094B /* Release */ = {
			isa = XCBuildConfiguration;
			baseConfigurationReference = A1E34D20DEE70EB64EC0E2CD /* Pods-crashlytics.bug.release.xcconfig */;
			buildSettings = {
				ASSETCATALOG_COMPILER_APPICON_NAME = AppIcon;
				ASSETCATALOG_COMPILER_GLOBAL_ACCENT_COLOR_NAME = AccentColor;
				CODE_SIGN_STYLE = Automatic;
				CURRENT_PROJECT_VERSION = 1;
				DEVELOPMENT_TEAM = YYX2P3XVJ7;
				GENERATE_INFOPLIST_FILE = YES;
				INFOPLIST_FILE = crashlytics.bug/Info.plist;
				INFOPLIST_KEY_UIApplicationSupportsIndirectInputEvents = YES;
				INFOPLIST_KEY_UILaunchStoryboardName = LaunchScreen;
				INFOPLIST_KEY_UIMainStoryboardFile = Main;
				INFOPLIST_KEY_UISupportedInterfaceOrientations_iPad = "UIInterfaceOrientationPortrait UIInterfaceOrientationPortraitUpsideDown UIInterfaceOrientationLandscapeLeft UIInterfaceOrientationLandscapeRight";
				INFOPLIST_KEY_UISupportedInterfaceOrientations_iPhone = "UIInterfaceOrientationPortrait UIInterfaceOrientationLandscapeLeft UIInterfaceOrientationLandscapeRight";
				LD_RUNPATH_SEARCH_PATHS = (
					"$(inherited)",
					"@executable_path/Frameworks",
				);
				MARKETING_VERSION = 1.0;
				PRODUCT_BUNDLE_IDENTIFIER = "io.invertase.testing.crashlytics-bug";
				PRODUCT_NAME = "$(TARGET_NAME)";
				SWIFT_EMIT_LOC_STRINGS = YES;
				TARGETED_DEVICE_FAMILY = "1,2";
			};
			name = Release;
		};
/* End XCBuildConfiguration section */

/* Begin XCConfigurationList section */
		46B290CB2B2A056700D9094B /* Build configuration list for PBXProject "crashlytics.bug" */ = {
			isa = XCConfigurationList;
			buildConfigurations = (
				46B290E72B2A056800D9094B /* Debug */,
				46B290E82B2A056800D9094B /* Release */,
			);
			defaultConfigurationIsVisible = 0;
			defaultConfigurationName = Release;
		};
		46B290E92B2A056800D9094B /* Build configuration list for PBXNativeTarget "crashlytics.bug" */ = {
			isa = XCConfigurationList;
			buildConfigurations = (
				46B290EA2B2A056800D9094B /* Debug */,
				46B290EB2B2A056800D9094B /* Release */,
			);
			defaultConfigurationIsVisible = 0;
			defaultConfigurationName = Release;
		};
/* End XCConfigurationList section */
	};
	rootObject = 46B290C82B2A056700D9094B /* Project object */;
}
